{
  "lockfileVersion": 2,
  "configVersion": 1,
  "workspaces": {
    "": {
      "name": "bench",
      "dependencies": {
        "lzma1-release": "npm:lzma1@0.3.0",
        "mitata": "1.0.34",
      },
    },
  },
  "packages": {
    "lzma1-release": ["lzma1@0.3.0", "", {}, "sha512-ETg5CT6Ojybzjx2YG48NuPcN7kGzhLO6FfKbkvUwt0bxIEOq+wXykCZBoNBrkGq66zwJT1ZdUI71F0wC6pP9TQ=="],

    "mitata": ["mitata@1.0.34", "", {}, "sha512-Mc3zrtNBKIMeHSCQ0XqRLo1vbdIx1wvFV9c8NJAiyho6AjNfMY8bVhbS12bwciUdd1t4rj8099CH3N3NFahaUA=="],
  }
}
